
Microsoft Visual Studio Solution File, Format Version 12.00
# Visual Studio Version 17
VisualStudioVersion = 17.6.33801.468
MinimumVisualStudioVersion = 10.0.40219.1
Project("{FAE04EC0-301F-11D3-BF4B-00C04F79EFBC}") = "Abdellah-Portfolio", "Abdellah-Portfolio.csproj", "{8D9BDDED-B6B0-45B9-94FA-5D128C6A4EAF}"
EndProject
Global
	GlobalSection(SolutionConfigurationPlatforms) = preSolution
		Debug|Any CPU = Debug|Any CPU
		Release|Any CPU = Release|Any CPU
	EndGlobalSection
	GlobalSection(ProjectConfigurationPlatforms) = postSolution
		{8D9BDDED-B6B0-45B9-94FA-5D128C6A4EAF}.Debug|Any CPU.ActiveCfg = Debug|Any CPU
		{8D9BDDED-B6B0-45B9-94FA-5D128C6A4EAF}.Debug|Any CPU.Build.0 = Debug|Any CPU
		{8D9BDDED-B6B0-45B9-94FA-5D128C6A4EAF}.Release|Any CPU.ActiveCfg = Release|Any CPU
		{8D9BDDED-B6B0-45B9-94FA-5D128C6A4EAF}.Release|Any CPU.Build.0 = Release|Any CPU
	EndGlobalSection
	GlobalSection(SolutionProperties) = preSolution
		HideSolutionNode = FALSE
	EndGlobalSection
	GlobalSection(ExtensibilityGlobals) = postSolution
		SolutionGuid = {6E6FCCFF-503E-41F4-A823-BC868565989E}
	EndGlobalSection
EndGlobal
